
Microsoft Visual Studio Solution File, Format Version 12.00
# Visual Studio 15
VisualStudioVersion = 15.0.27004.2005
MinimumVisualStudioVersion = 10.0.40219.1
Project("{FAE04EC0-301F-11D3-BF4B-00C04F79EFBC}") = "FileDublicateSort", "FileDublicateSort\FileDublicateSort.csproj", "{8AD4BC9F-7D9B-41F3-A0BA-FE3753AFD373}"
EndProject
Global
	GlobalSection(SolutionConfigurationPlatforms) = preSolution
		Debug|Any CPU = Debug|Any CPU
		Release|Any CPU = Release|Any CPU
	EndGlobalSection
	GlobalSection(ProjectConfigurationPlatforms) = postSolution
		{8AD4BC9F-7D9B-41F3-A0BA-FE3753AFD373}.Debug|Any CPU.ActiveCfg = Debug|Any CPU
		{8AD4BC9F-7D9B-41F3-A0BA-FE3753AFD373}.Debug|Any CPU.Build.0 = Debug|Any CPU
		{8AD4BC9F-7D9B-41F3-A0BA-FE3753AFD373}.Release|Any CPU.ActiveCfg = Release|Any CPU
		{8AD4BC9F-7D9B-41F3-A0BA-FE3753AFD373}.Release|Any CPU.Build.0 = Release|Any CPU
	EndGlobalSection
	GlobalSection(SolutionProperties) = preSolution
		HideSolutionNode = FALSE
	EndGlobalSection
	GlobalSection(ExtensibilityGlobals) = postSolution
		SolutionGuid = {FC5A511C-B301-4B4A-8E91-CFBE55D66E4B}
	EndGlobalSection
EndGlobal
